// !$*UTF8*$!
{
	archiveVersion = 1;
	classes = {
	};
	objectVersion = 77;
	objects = {

/* Begin PBXContainerItemProxy section */
		D2EACE582DC76D31003D6436 /* PBXContainerItemProxy */ = {
			isa = PBXContainerItemProxy;
			containerPortal = D2EACE412DC76D2A003D6436 /* Project object */;
			proxyType = 1;
			remoteGlobalIDString = D2EACE482DC76D2A003D6436;
			remoteInfo = "Prayer Time";
		};
		D2EACE622DC76D31003D6436 /* PBXContainerItemProxy */ = {
			isa = PBXContainerItemProxy;
			containerPortal = D2EACE412DC76D2A003D6436 /* Project object */;
			proxyType = 1;
			remoteGlobalIDString = D2EACE482DC76D2A003D6436;
			remoteInfo = "Prayer Time";
		};
/* End PBXContainerItemProxy section */

/* Begin PBXFileReference section */
		D2EACE492DC76D2A003D6436 /* Prayer Time.app */ = {isa = PBXFileReference; explicitFileType = wrapper.application; includeInIndex = 0; path = "Prayer Time.app"; sourceTree = BUILT_PRODUCTS_DIR; };
		D2EACE572DC76D31003D6436 /* Prayer TimeTests.xctest */ = {isa = PBXFileReference; explicitFileType = wrapper.cfbundle; includeInIndex = 0; path = "Prayer TimeTests.xctest"; sourceTree = BUILT_PRODUCTS_DIR; };
		D2EACE612DC76D31003D6436 /* Prayer TimeUITests.xctest */ = {isa = PBXFileReference; explicitFileType = wrapper.cfbundle; includeInIndex = 0; path = "Prayer TimeUITests.xctest"; sourceTree = BUILT_PRODUCTS_DIR; };
/* End PBXFileReference section */

/* Begin PBXFileSystemSynchronizedRootGroup section */
		D2EACE4B2DC76D2A003D6436 /* Prayer Time */ = {
			isa = PBXFileSystemSynchronizedRootGroup;
			path = "Prayer Time";
			sourceTree = "<group>";
		};
		D2EACE5A2DC76D31003D6436 /* Prayer TimeTests */ = {
			isa = PBXFileSystemSynchronizedRootGroup;
			path = "Prayer TimeTests";
			sourceTree = "<group>";
		};
		D2EACE642DC76D31003D6436 /* Prayer TimeUITests */ = {
			isa = PBXFileSystemSynchronizedRootGroup;
			path = "Prayer TimeUITests";
			sourceTree = "<group>";
		};
/* End PBXFileSystemSynchronizedRootGroup section */

/* Begin PBXFrameworksBuildPhase section */
		D2EACE462DC76D2A003D6436 /* Frameworks */ = {
			isa = PBXFrameworksBuildPhase;
			buildActionMask = 2147483647;
			files = (
			);
			runOnlyForDeploymentPostprocessing = 0;
		};
		D2EACE542DC76D31003D6436 /* Frameworks */ = {
			isa = PBXFrameworksBuildPhase;
			buildActionMask = 2147483647;
			files = (
			);
			runOnlyForDeploymentPostprocessing = 0;
		};
		D2EACE5E2DC76D31003D6436 /* Frameworks */ = {
			isa = PBXFrameworksBuildPhase;
			buildActionMask = 2147483647;
			files = (
			);
			runOnlyForDeploymentPostprocessing = 0;
		};
/* End PBXFrameworksBuildPhase section */

/* Begin PBXGroup section */
		D2EACE402DC76D2A003D6436 = {
			isa = PBXGroup;
			children = (
				D2EACE4B2DC76D2A003D6436 /* Prayer Time */,
				D2EACE5A2DC76D31003D6436 /* Prayer TimeTests */,
				D2EACE642DC76D31003D6436 /* Prayer TimeUITests */,
				D2EACE4A2DC76D2A003D6436 /* Products */,
			);
			sourceTree = "<group>";
		};
		D2EACE4A2DC76D2A003D6436 /* Products */ = {
			isa = PBXGroup;
			children = (
				D2EACE492DC76D2A003D6436 /* Prayer Time.app */,
				D2EACE572DC76D31003D6436 /* Prayer TimeTests.xctest */,
				D2EACE612DC76D31003D6436 /* Prayer TimeUITests.xctest */,
			);
			name = Products;
			sourceTree = "<group>";
		};
/* End PBXGroup section */

/* Begin PBXNativeTarget section */
		D2EACE482DC76D2A003D6436 /* Prayer Time */ = {
			isa = PBXNativeTarget;
			buildConfigurationList = D2EACE6B2DC76D31003D6436 /* Build configuration list for PBXNativeTarget "Prayer Time" */;
			buildPhases = (
				D2EACE452DC76D2A003D6436 /* Sources */,
				D2EACE462DC76D2A003D6436 /* Frameworks */,
				D2EACE472DC76D2A003D6436 /* Resources */,
			);
			buildRules = (
			);
			dependencies = (
			);
			fileSystemSynchronizedGroups = (
				D2EACE4B2DC76D2A003D6436 /* Prayer Time */,
			);
			name = "Prayer Time";
			packageProductDependencies = (
			);
			productName = "Prayer Time";
			productReference = D2EACE492DC76D2A003D6436 /* Prayer Time.app */;
			productType = "com.apple.product-type.application";
		};
		D2EACE562DC76D31003D6436 /* Prayer TimeTests */ = {
			isa = PBXNativeTarget;
			buildConfigurationList = D2EACE6E2DC76D31003D6436 /* Build configuration list for PBXNativeTarget "Prayer TimeTests" */;
			buildPhases = (
				D2EACE532DC76D31003D6436 /* Sources */,
				D2EACE542DC76D31003D6436 /* Frameworks */,
				D2EACE552DC76D31003D6436 /* Resources */,
			);
			buildRules = (
			);
			dependencies = (
				D2EACE592DC76D31003D6436 /* PBXTargetDependency */,
			);
			fileSystemSynchronizedGroups = (
				D2EACE5A2DC76D31003D6436 /* Prayer TimeTests */,
			);
			name = "Prayer TimeTests";
			packageProductDependencies = (
			);
			productName = "Prayer TimeTests";
			productReference = D2EACE572DC76D31003D6436 /* Prayer TimeTests.xctest */;
			productType = "com.apple.product-type.bundle.unit-test";
		};
		D2EACE602DC76D31003D6436 /* Prayer TimeUITests */ = {
			isa = PBXNativeTarget;
			buildConfigurationList = D2EACE712DC76D31003D6436 /* Build configuration list for PBXNativeTarget "Prayer TimeUITests" */;
			buildPhases = (
				D2EACE5D2DC76D31003D6436 /* Sources */,
				D2EACE5E2DC76D31003D6436 /* Frameworks */,
				D2EACE5F2DC76D31003D6436 /* Resources */,
			);
			buildRules = (
			);
			dependencies = (
				D2EACE632DC76D31003D6436 /* PBXTargetDependency */,
			);
			fileSystemSynchronizedGroups = (
				D2EACE642DC76D31003D6436 /* Prayer TimeUITests */,
			);
			name = "Prayer TimeUITests";
			packageProductDependencies = (
			);
			productName = "Prayer TimeUITests";
			productReference = D2EACE612DC76D31003D6436 /* Prayer TimeUITests.xctest */;
			productType = "com.apple.product-type.bundle.ui-testing";
		};
/* End PBXNativeTarget section */

/* Begin PBXProject section */
		D2EACE412DC76D2A003D6436 /* Project object */ = {
			isa = PBXProject;
			attributes = {
				BuildIndependentTargetsInParallel = 1;
				LastSwiftUpdateCheck = 1630;
				LastUpgradeCheck = 1630;
				TargetAttributes = {
					D2EACE482DC76D2A003D6436 = {
						CreatedOnToolsVersion = 16.3;
					};
					D2EACE562DC76D31003D6436 = {
						CreatedOnToolsVersion = 16.3;
						TestTargetID = D2EACE482DC76D2A003D6436;
					};
					D2EACE602DC76D31003D6436 = {
						CreatedOnToolsVersion = 16.3;
						TestTargetID = D2EACE482DC76D2A003D6436;
					};
				};
			};
			buildConfigurationList = D2EACE442DC76D2A003D6436 /* Build configuration list for PBXProject "Prayer Time" */;
			developmentRegion = en;
			hasScannedForEncodings = 0;
			knownRegions = (
				en,
				Base,
			);
			mainGroup = D2EACE402DC76D2A003D6436;
			minimizedProjectReferenceProxies = 1;
			preferredProjectObjectVersion = 77;
			productRefGroup = D2EACE4A2DC76D2A003D6436 /* Products */;
			projectDirPath = "";
			projectRoot = "";
			targets = (
				D2EACE482DC76D2A003D6436 /* Prayer Time */,
				D2EACE562DC76D31003D6436 /* Prayer TimeTests */,
				D2EACE602DC76D31003D6436 /* Prayer TimeUITests */,
			);
		};
/* End PBXProject section */

/* Begin PBXResourcesBuildPhase section */
		D2EACE472DC76D2A003D6436 /* Resources */ = {
			isa = PBXResourcesBuildPhase;
			buildActionMask = 2147483647;
			files = (
			);
			runOnlyForDeploymentPostprocessing = 0;
		};
		D2EACE552DC76D31003D6436 /* Resources */ = {
			isa = PBXResourcesBuildPhase;
			buildActionMask = 2147483647;
			files = (
			);
			runOnlyForDeploymentPostprocessing = 0;
		};
		D2EACE5F2DC76D31003D6436 /* Resources */ = {
			isa = PBXResourcesBuildPhase;
			buildActionMask = 2147483647;
			files = (
			);
			runOnlyForDeploymentPostprocessing = 0;
		};
/* End PBXResourcesBuildPhase section */

/* Begin PBXSourcesBuildPhase section */
		D2EACE452DC76D2A003D6436 /* Sources */ = {
			isa = PBXSourcesBuildPhase;
			buildActionMask = 2147483647;
			files = (
			);
			runOnlyForDeploymentPostprocessing = 0;
		};
		D2EACE532DC76D31003D6436 /* Sources */ = {
			isa = PBXSourcesBuildPhase;
			buildActionMask = 2147483647;
			files = (
			);
			runOnlyForDeploymentPostprocessing = 0;
		};
		D2EACE5D2DC76D31003D6436 /* Sources */ = {
			isa = PBXSourcesBuildPhase;
			buildActionMask = 2147483647;
			files = (
			);
			runOnlyForDeploymentPostprocessing = 0;
		};
/* End PBXSourcesBuildPhase section */

/* Begin PBXTargetDependency section */
		D2EACE592DC76D31003D6436 /* PBXTargetDependency */ = {
			isa = PBXTargetDependency;
			target = D2EACE482DC76D2A003D6436 /* Prayer Time */;
			targetProxy = D2EACE582DC76D31003D6436 /* PBXContainerItemProxy */;
		};
		D2EACE632DC76D31003D6436 /* PBXTargetDependency */ = {
			isa = PBXTargetDependency;
			target = D2EACE482DC76D2A003D6436 /* Prayer Time */;
			targetProxy = D2EACE622DC76D31003D6436 /* PBXContainerItemProxy */;
		};
/* End PBXTargetDependency section */

/* Begin XCBuildConfiguration section */
		D2EACE692DC76D31003D6436 /* Debug */ = {
			isa = XCBuildConfiguration;
			buildSettings = {
				ALWAYS_SEARCH_USER_PATHS = NO;
				ASSETCATALOG_COMPILER_GENERATE_SWIFT_ASSET_SYMBOL_EXTENSIONS = YES;
				CLANG_ANALYZER_NONNULL = YES;
				CLANG_ANALYZER_NUMBER_OBJECT_CONVERSION = YES_AGGRESSIVE;
				CLANG_CXX_LANGUAGE_STANDARD = "gnu++20";
				CLANG_ENABLE_MODULES = YES;
				CLANG_ENABLE_OBJC_ARC = YES;
				CLANG_ENABLE_OBJC_WEAK = YES;
				CLANG_WARN_BLOCK_CAPTURE_AUTORELEASING = YES;
				CLANG_WARN_BOOL_CONVERSION = YES;
				CLANG_WARN_COMMA = YES;
				CLANG_WARN_CONSTANT_CONVERSION = YES;
				CLANG_WARN_DEPRECATED_OBJC_IMPLEMENTATIONS = YES;
				CLANG_WARN_DIRECT_OBJC_ISA_USAGE = YES_ERROR;
				CLANG_WARN_DOCUMENTATION_COMMENTS = YES;
				CLANG_WARN_EMPTY_BODY = YES;
				CLANG_WARN_ENUM_CONVERSION = YES;
				CLANG_WARN_INFINITE_RECURSION = YES;
				CLANG_WARN_INT_CONVERSION = YES;
				CLANG_WARN_NON_LITERAL_NULL_CONVERSION = YES;
				CLANG_WARN_OBJC_IMPLICIT_RETAIN_SELF = YES;
				CLANG_WARN_OBJC_LITERAL_CONVERSION = YES;
				CLANG_WARN_OBJC_ROOT_CLASS = YES_ERROR;
				CLANG_WARN_QUOTED_INCLUDE_IN_FRAMEWORK_HEADER = YES;
				CLANG_WARN_RANGE_LOOP_ANALYSIS = YES;
				CLANG_WARN_STRICT_PROTOTYPES = YES;
				CLANG_WARN_SUSPICIOUS_MOVE = YES;
				CLANG_WARN_UNGUARDED_AVAILABILITY = YES_AGGRESSIVE;
				CLANG_WARN_UNREACHABLE_CODE = YES;
				CLANG_WARN__DUPLICATE_METHOD_MATCH = YES;
				COPY_PHASE_STRIP = NO;
				DEBUG_INFORMATION_FORMAT = dwarf;
				ENABLE_STRICT_OBJC_MSGSEND = YES;
				ENABLE_TESTABILITY = YES;
				ENABLE_USER_SCRIPT_SANDBOXING = YES;
				GCC_C_LANGUAGE_STANDARD = gnu17;
				GCC_DYNAMIC_NO_PIC = NO;
				GCC_NO_COMMON_BLOCKS = YES;
				GCC_OPTIMIZATION_LEVEL = 0;
				GCC_PREPROCESSOR_DEFINITIONS = (
					"DEBUG=1",
					"$(inherited)",
				);
				GCC_WARN_64_TO_32_BIT_CONVERSION = YES;
				GCC_WARN_ABOUT_RETURN_TYPE = YES_ERROR;
				GCC_WARN_UNDECLARED_SELECTOR = YES;
				GCC_WARN_UNINITIALIZED_AUTOS = YES_AGGRESSIVE;
				GCC_WARN_UNUSED_FUNCTION = YES;
				GCC_WARN_UNUSED_VARIABLE = YES;
				LOCALIZATION_PREFERS_STRING_CATALOGS = YES;
				MACOSX_DEPLOYMENT_TARGET = 15.4;
				MTL_ENABLE_DEBUG_INFO = INCLUDE_SOURCE;
				MTL_FAST_MATH = YES;
				ONLY_ACTIVE_ARCH = YES;
				SDKROOT = macosx;
				SWIFT_ACTIVE_COMPILATION_CONDITIONS = "DEBUG $(inherited)";
				SWIFT_OPTIMIZATION_LEVEL = "-Onone";
			};
			name = Debug;
		};
		D2EACE6A2DC76D31003D6436 /* Release */ = {
			isa = XCBuildConfiguration;
			buildSettings = {
				ALWAYS_SEARCH_USER_PATHS = NO;
				ASSETCATALOG_COMPILER_GENERATE_SWIFT_ASSET_SYMBOL_EXTENSIONS = YES;
				CLANG_ANALYZER_NONNULL = YES;
				CLANG_ANALYZER_NUMBER_OBJECT_CONVERSION = YES_AGGRESSIVE;
				CLANG_CXX_LANGUAGE_STANDARD = "gnu++20";
				CLANG_ENABLE_MODULES = YES;
				CLANG_ENABLE_OBJC_ARC = YES;
				CLANG_ENABLE_OBJC_WEAK = YES;
				CLANG_WARN_BLOCK_CAPTURE_AUTORELEASING = YES;
				CLANG_WARN_BOOL_CONVERSION = YES;
				CLANG_WARN_COMMA = YES;
				CLANG_WARN_CONSTANT_CONVERSION = YES;
				CLANG_WARN_DEPRECATED_OBJC_IMPLEMENTATIONS = YES;
				CLANG_WARN_DIRECT_OBJC_ISA_USAGE = YES_ERROR;
				CLANG_WARN_DOCUMENTATION_COMMENTS = YES;
				CLANG_WARN_EMPTY_BODY = YES;
				CLANG_WARN_ENUM_CONVERSION = YES;
				CLANG_WARN_INFINITE_RECURSION = YES;
				CLANG_WARN_INT_CONVERSION = YES;
				CLANG_WARN_NON_LITERAL_NULL_CONVERSION = YES;
				CLANG_WARN_OBJC_IMPLICIT_RETAIN_SELF = YES;
				CLANG_WARN_OBJC_LITERAL_CONVERSION = YES;
				CLANG_WARN_OBJC_ROOT_CLASS = YES_ERROR;
				CLANG_WARN_QUOTED_INCLUDE_IN_FRAMEWORK_HEADER = YES;
				CLANG_WARN_RANGE_LOOP_ANALYSIS = YES;
				CLANG_WARN_STRICT_PROTOTYPES = YES;
				CLANG_WARN_SUSPICIOUS_MOVE = YES;
				CLANG_WARN_UNGUARDED_AVAILABILITY = YES_AGGRESSIVE;
				CLANG_WARN_UNREACHABLE_CODE = YES;
				CLANG_WARN__DUPLICATE_METHOD_MATCH = YES;
				COPY_PHASE_STRIP = NO;
				DEBUG_INFORMATION_FORMAT = "dwarf-with-dsym";
				ENABLE_NS_ASSERTIONS = NO;
				ENABLE_STRICT_OBJC_MSGSEND = YES;
				ENABLE_USER_SCRIPT_SANDBOXING = YES;
				GCC_C_LANGUAGE_STANDARD = gnu17;
				GCC_NO_COMMON_BLOCKS = YES;
				GCC_WARN_64_TO_32_BIT_CONVERSION = YES;
				GCC_WARN_ABOUT_RETURN_TYPE = YES_ERROR;
				GCC_WARN_UNDECLARED_SELECTOR = YES;
				GCC_WARN_UNINITIALIZED_AUTOS = YES_AGGRESSIVE;
				GCC_WARN_UNUSED_FUNCTION = YES;
				GCC_WARN_UNUSED_VARIABLE = YES;
				LOCALIZATION_PREFERS_STRING_CATALOGS = YES;
				MACOSX_DEPLOYMENT_TARGET = 15.4;
				MTL_ENABLE_DEBUG_INFO = NO;
				MTL_FAST_MATH = YES;
				SDKROOT = macosx;
				SWIFT_COMPILATION_MODE = wholemodule;
			};
			name = Release;
		};
		D2EACE6C2DC76D31003D6436 /* Debug */ = {
			isa = XCBuildConfiguration;
			buildSettings = {
				ASSETCATALOG_COMPILER_APPICON_NAME = AppIcon;
				ASSETCATALOG_COMPILER_GLOBAL_ACCENT_COLOR_NAME = AccentColor;
				CODE_SIGN_ENTITLEMENTS = "Prayer Time/Prayer_Time.entitlements";
				CODE_SIGN_STYLE = Automatic;
				COMBINE_HIDPI_IMAGES = YES;
				CURRENT_PROJECT_VERSION = 1;
				ENABLE_PREVIEWS = YES;
				GENERATE_INFOPLIST_FILE = YES;
				INFOPLIST_KEY_NSHumanReadableCopyright = "";
				LD_RUNPATH_SEARCH_PATHS = (
					"$(inherited)",
					"@executable_path/../Frameworks",
				);
				MARKETING_VERSION = 1.0;
				PRODUCT_BUNDLE_IDENTIFIER = "com.ahmedsaheed.Prayer-Time";
				PRODUCT_NAME = "$(TARGET_NAME)";
				REGISTER_APP_GROUPS = YES;
				SWIFT_EMIT_LOC_STRINGS = YES;
				SWIFT_VERSION = 5.0;
			};
			name = Debug;
		};
		D2EACE6D2DC76D31003D6436 /* Release */ = {
			isa = XCBuildConfiguration;
			buildSettings = {
				ASSETCATALOG_COMPILER_APPICON_NAME = AppIcon;
				ASSETCATALOG_COMPILER_GLOBAL_ACCENT_COLOR_NAME = AccentColor;
				CODE_SIGN_ENTITLEMENTS = "Prayer Time/Prayer_Time.entitlements";
				CODE_SIGN_STYLE = Automatic;
				COMBINE_HIDPI_IMAGES = YES;
				CURRENT_PROJECT_VERSION = 1;
				ENABLE_PREVIEWS = YES;
				GENERATE_INFOPLIST_FILE = YES;
				INFOPLIST_KEY_NSHumanReadableCopyright = "";
				LD_RUNPATH_SEARCH_PATHS = (
					"$(inherited)",
					"@executable_path/../Frameworks",
				);
				MARKETING_VERSION = 1.0;
				PRODUCT_BUNDLE_IDENTIFIER = "com.ahmedsaheed.Prayer-Time";
				PRODUCT_NAME = "$(TARGET_NAME)";
				REGISTER_APP_GROUPS = YES;
				SWIFT_EMIT_LOC_STRINGS = YES;
				SWIFT_VERSION = 5.0;
			};
			name = Release;
		};
		D2EACE6F2DC76D31003D6436 /* Debug */ = {
			isa = XCBuildConfiguration;
			buildSettings = {
				BUNDLE_LOADER = "$(TEST_HOST)";
				CODE_SIGN_STYLE = Automatic;
				CURRENT_PROJECT_VERSION = 1;
				GENERATE_INFOPLIST_FILE = YES;
				MACOSX_DEPLOYMENT_TARGET = 15.4;
				MARKETING_VERSION = 1.0;
				PRODUCT_BUNDLE_IDENTIFIER = "com.ahmedsaheed.Prayer-TimeTests";
				PRODUCT_NAME = "$(TARGET_NAME)";
				SWIFT_EMIT_LOC_STRINGS = NO;
				SWIFT_VERSION = 5.0;
				TEST_HOST = "$(BUILT_PRODUCTS_DIR)/Prayer Time.app/$(BUNDLE_EXECUTABLE_FOLDER_PATH)/Prayer Time";
			};
			name = Debug;
		};
		D2EACE702DC76D31003D6436 /* Release */ = {
			isa = XCBuildConfiguration;
			buildSettings = {
				BUNDLE_LOADER = "$(TEST_HOST)";
				CODE_SIGN_STYLE = Automatic;
				CURRENT_PROJECT_VERSION = 1;
				GENERATE_INFOPLIST_FILE = YES;
				MACOSX_DEPLOYMENT_TARGET = 15.4;
				MARKETING_VERSION = 1.0;
				PRODUCT_BUNDLE_IDENTIFIER = "com.ahmedsaheed.Prayer-TimeTests";
				PRODUCT_NAME = "$(TARGET_NAME)";
				SWIFT_EMIT_LOC_STRINGS = NO;
				SWIFT_VERSION = 5.0;
				TEST_HOST = "$(BUILT_PRODUCTS_DIR)/Prayer Time.app/$(BUNDLE_EXECUTABLE_FOLDER_PATH)/Prayer Time";
			};
			name = Release;
		};
		D2EACE722DC76D31003D6436 /* Debug */ = {
			isa = XCBuildConfiguration;
			buildSettings = {
				CODE_SIGN_STYLE = Automatic;
				CURRENT_PROJECT_VERSION = 1;
				GENERATE_INFOPLIST_FILE = YES;
				MARKETING_VERSION = 1.0;
				PRODUCT_BUNDLE_IDENTIFIER = "com.ahmedsaheed.Prayer-TimeUITests";
				PRODUCT_NAME = "$(TARGET_NAME)";
				SWIFT_EMIT_LOC_STRINGS = NO;
				SWIFT_VERSION = 5.0;
				TEST_TARGET_NAME = "Prayer Time";
			};
			name = Debug;
		};
		D2EACE732DC76D31003D6436 /* Release */ = {
			isa = XCBuildConfiguration;
			buildSettings = {
				CODE_SIGN_STYLE = Automatic;
				CURRENT_PROJECT_VERSION = 1;
				GENERATE_INFOPLIST_FILE = YES;
				MARKETING_VERSION = 1.0;
				PRODUCT_BUNDLE_IDENTIFIER = "com.ahmedsaheed.Prayer-TimeUITests";
				PRODUCT_NAME = "$(TARGET_NAME)";
				SWIFT_EMIT_LOC_STRINGS = NO;
				SWIFT_VERSION = 5.0;
				TEST_TARGET_NAME = "Prayer Time";
			};
			name = Release;
		};
/* End XCBuildConfiguration section */

/* Begin XCConfigurationList section */
		D2EACE442DC76D2A003D6436 /* Build configuration list for PBXProject "Prayer Time" */ = {
			isa = XCConfigurationList;
			buildConfigurations = (
				D2EACE692DC76D31003D6436 /* Debug */,
				D2EACE6A2DC76D31003D6436 /* Release */,
			);
			defaultConfigurationIsVisible = 0;
			defaultConfigurationName = Release;
		};
		D2EACE6B2DC76D31003D6436 /* Build configuration list for PBXNativeTarget "Prayer Time" */ = {
			isa = XCConfigurationList;
			buildConfigurations = (
				D2EACE6C2DC76D31003D6436 /* Debug */,
				D2EACE6D2DC76D31003D6436 /* Release */,
			);
			defaultConfigurationIsVisible = 0;
			defaultConfigurationName = Release;
		};
		D2EACE6E2DC76D31003D6436 /* Build configuration list for PBXNativeTarget "Prayer TimeTests" */ = {
			isa = XCConfigurationList;
			buildConfigurations = (
				D2EACE6F2DC76D31003D6436 /* Debug */,
				D2EACE702DC76D31003D6436 /* Release */,
			);
			defaultConfigurationIsVisible = 0;
			defaultConfigurationName = Release;
		};
		D2EACE712DC76D31003D6436 /* Build configuration list for PBXNativeTarget "Prayer TimeUITests" */ = {
			isa = XCConfigurationList;
			buildConfigurations = (
				D2EACE722DC76D31003D6436 /* Debug */,
				D2EACE732DC76D31003D6436 /* Release */,
			);
			defaultConfigurationIsVisible = 0;
			defaultConfigurationName = Release;
		};
/* End XCConfigurationList section */
	};
	rootObject = D2EACE412DC76D2A003D6436 /* Project object */;
}
